// !$*UTF8*$!
{
	archiveVersion = 1;
	classes = {
	};
	objectVersion = 46;
	objects = {

/* Begin PBXBuildFile section */
		8BF0F86C1C4BDF530047862C /* AppDelegate.swift in Sources */ = {isa = PBXBuildFile; fileRef = 8BF0F86B1C4BDF530047862C /* AppDelegate.swift */; };
		8BF0F86F1C4BDF530047862C /* demo.xcdatamodeld in Sources */ = {isa = PBXBuildFile; fileRef = 8BF0F86D1C4BDF530047862C /* demo.xcdatamodeld */; };
		8BF0F8711C4BDF530047862C /* MasterViewController.swift in Sources */ = {isa = PBXBuildFile; fileRef = 8BF0F8701C4BDF530047862C /* MasterViewController.swift */; };
		8BF0F8731C4BDF530047862C /* DetailViewController.swift in Sources */ = {isa = PBXBuildFile; fileRef = 8BF0F8721C4BDF530047862C /* DetailViewController.swift */; };
		8BF0F8761C4BDF530047862C /* Main.storyboard in Resources */ = {isa = PBXBuildFile; fileRef = 8BF0F8741C4BDF530047862C /* Main.storyboard */; };
		8BF0F8781C4BDF530047862C /* Assets.xcassets in Resources */ = {isa = PBXBuildFile; fileRef = 8BF0F8771C4BDF530047862C /* Assets.xcassets */; };
		8BF0F87B1C4BDF530047862C /* LaunchScreen.storyboard in Resources */ = {isa = PBXBuildFile; fileRef = 8BF0F8791C4BDF530047862C /* LaunchScreen.storyboard */; };
/* End PBXBuildFile section */

/* Begin PBXFileReference section */
		8BF0F8681C4BDF530047862C /* demo.app */ = {isa = PBXFileReference; explicitFileType = wrapper.application; includeInIndex = 0; path = demo.app; sourceTree = BUILT_PRODUCTS_DIR; };
		8BF0F86B1C4BDF530047862C /* AppDelegate.swift */ = {isa = PBXFileReference; lastKnownFileType = sourcecode.swift; path = AppDelegate.swift; sourceTree = "<group>"; };
		8BF0F86E1C4BDF530047862C /* demo.xcdatamodel */ = {isa = PBXFileReference; lastKnownFileType = wrapper.xcdatamodel; path = demo.xcdatamodel; sourceTree = "<group>"; };
		8BF0F8701C4BDF530047862C /* MasterViewController.swift */ = {isa = PBXFileReference; lastKnownFileType = sourcecode.swift; path = MasterViewController.swift; sourceTree = "<group>"; };
		8BF0F8721C4BDF530047862C /* DetailViewController.swift */ = {isa = PBXFileReference; lastKnownFileType = sourcecode.swift; path = DetailViewController.swift; sourceTree = "<group>"; };
		8BF0F8751C4BDF530047862C /* Base */ = {isa = PBXFileReference; lastKnownFileType = file.storyboard; name = Base; path = Base.lproj/Main.storyboard; sourceTree = "<group>"; };
		8BF0F8771C4BDF530047862C /* Assets.xcassets */ = {isa = PBXFileReference; lastKnownFileType = folder.assetcatalog; path = Assets.xcassets; sourceTree = "<group>"; };
		8BF0F87A1C4BDF530047862C /* Base */ = {isa = PBXFileReference; lastKnownFileType = file.storyboard; name = Base; path = Base.lproj/LaunchScreen.storyboard; sourceTree = "<group>"; };
		8BF0F87C1C4BDF530047862C /* Info.plist */ = {isa = PBXFileReference; lastKnownFileType = text.plist.xml; path = Info.plist; sourceTree = "<group>"; };
/* End PBXFileReference section */

/* Begin PBXFrameworksBuildPhase section */
		8BF0F8651C4BDF530047862C /* Frameworks */ = {
			isa = PBXFrameworksBuildPhase;
			buildActionMask = 2147483647;
			files = (
			);
			runOnlyForDeploymentPostprocessing = 0;
		};
/* End PBXFrameworksBuildPhase section */

/* Begin PBXGroup section */
		8BF0F85F1C4BDF530047862C = {
			isa = PBXGroup;
			children = (
				8BF0F86A1C4BDF530047862C /* demo */,
				8BF0F8691C4BDF530047862C /* Products */,
			);
			sourceTree = "<group>";
		};
		8BF0F8691C4BDF530047862C /* Products */ = {
			isa = PBXGroup;
			children = (
				8BF0F8681C4BDF530047862C /* demo.app */,
			);
			name = Products;
			sourceTree = "<group>";
		};
		8BF0F86A1C4BDF530047862C /* demo */ = {
			isa = PBXGroup;
			children = (
				8BF0F86B1C4BDF530047862C /* AppDelegate.swift */,
				8BF0F8701C4BDF530047862C /* MasterViewController.swift */,
				8BF0F8721C4BDF530047862C /* DetailViewController.swift */,
				8BF0F8741C4BDF530047862C /* Main.storyboard */,
				8BF0F8771C4BDF530047862C /* Assets.xcassets */,
				8BF0F8791C4BDF530047862C /* LaunchScreen.storyboard */,
				8BF0F87C1C4BDF530047862C /* Info.plist */,
				8BF0F86D1C4BDF530047862C /* demo.xcdatamodeld */,
			);
			path = demo;
			sourceTree = "<group>";
		};
/* End PBXGroup section */

/* Begin PBXNativeTarget section */
		8BF0F8671C4BDF530047862C /* demo */ = {
			isa = PBXNativeTarget;
			buildConfigurationList = 8BF0F87F1C4BDF530047862C /* Build configuration list for PBXNativeTarget "demo" */;
			buildPhases = (
				8BF0F8641C4BDF530047862C /* Sources */,
				8BF0F8651C4BDF530047862C /* Frameworks */,
				8BF0F8661C4BDF530047862C /* Resources */,
			);
			buildRules = (
			);
			dependencies = (
			);
			name = demo;
			productName = demo;
			productReference = 8BF0F8681C4BDF530047862C /* demo.app */;
			productType = "com.apple.product-type.application";
		};
/* End PBXNativeTarget section */

/* Begin PBXProject section */
		8BF0F8601C4BDF530047862C /* Project object */ = {
			isa = PBXProject;
			attributes = {
				LastSwiftUpdateCheck = 0720;
				LastUpgradeCheck = 0720;
				ORGANIZATIONNAME = "Chatterjee, Snigdhaman";
				TargetAttributes = {
					8BF0F8671C4BDF530047862C = {
						CreatedOnToolsVersion = 7.2;
						DevelopmentTeam = SVW2895E86;
					};
				};
			};
			buildConfigurationList = 8BF0F8631C4BDF530047862C /* Build configuration list for PBXProject "demo" */;
			compatibilityVersion = "Xcode 3.2";
			developmentRegion = English;
			hasScannedForEncodings = 0;
			knownRegions = (
				en,
				Base,
			);
			mainGroup = 8BF0F85F1C4BDF530047862C;
			productRefGroup = 8BF0F8691C4BDF530047862C /* Products */;
			projectDirPath = "";
			projectRoot = "";
			targets = (
				8BF0F8671C4BDF530047862C /* demo */,
			);
		};
/* End PBXProject section */

/* Begin PBXResourcesBuildPhase section */
		8BF0F8661C4BDF530047862C /* Resources */ = {
			isa = PBXResourcesBuildPhase;
			buildActionMask = 2147483647;
			files = (
				8BF0F87B1C4BDF530047862C /* LaunchScreen.storyboard in Resources */,
				8BF0F8781C4BDF530047862C /* Assets.xcassets in Resources */,
				8BF0F8761C4BDF530047862C /* Main.storyboard in Resources */,
			);
			runOnlyForDeploymentPostprocessing = 0;
		};
/* End PBXResourcesBuildPhase section */

/* Begin PBXSourcesBuildPhase section */
		8BF0F8641C4BDF530047862C /* Sources */ = {
			isa = PBXSourcesBuildPhase;
			buildActionMask = 2147483647;
			files = (
				8BF0F86F1C4BDF530047862C /* demo.xcdatamodeld in Sources */,
				8BF0F86C1C4BDF530047862C /* AppDelegate.swift in Sources */,
				8BF0F8711C4BDF530047862C /* MasterViewController.swift in Sources */,
				8BF0F8731C4BDF530047862C /* DetailViewController.swift in Sources */,
			);
			runOnlyForDeploymentPostprocessing = 0;
		};
/* End PBXSourcesBuildPhase section */

/* Begin PBXVariantGroup section */
		8BF0F8741C4BDF530047862C /* Main.storyboard */ = {
			isa = PBXVariantGroup;
			children = (
				8BF0F8751C4BDF530047862C /* Base */,
			);
			name = Main.storyboard;
			sourceTree = "<group>";
		};
		8BF0F8791C4BDF530047862C /* LaunchScreen.storyboard */ = {
			isa = PBXVariantGroup;
			children = (
				8BF0F87A1C4BDF530047862C /* Base */,
			);
			name = LaunchScreen.storyboard;
			sourceTree = "<group>";
		};
/* End PBXVariantGroup section */

/* Begin XCBuildConfiguration section */
		8BF0F87D1C4BDF530047862C /* Debug */ = {
			isa = XCBuildConfiguration;
			buildSettings = {
				ALWAYS_SEARCH_USER_PATHS = NO;
				CLANG_CXX_LANGUAGE_STANDARD = "gnu++0x";
				CLANG_CXX_LIBRARY = "libc++";
				CLANG_ENABLE_MODULES = YES;
				CLANG_ENABLE_OBJC_ARC = YES;
				CLANG_WARN_BOOL_CONVERSION = YES;
				CLANG_WARN_CONSTANT_CONVERSION = YES;
				CLANG_WARN_DIRECT_OBJC_ISA_USAGE = YES_ERROR;
				CLANG_WARN_EMPTY_BODY = YES;
				CLANG_WARN_ENUM_CONVERSION = YES;
				CLANG_WARN_INT_CONVERSION = YES;
				CLANG_WARN_OBJC_ROOT_CLASS = YES_ERROR;
				CLANG_WARN_UNREACHABLE_CODE = YES;
				CLANG_WARN__DUPLICATE_METHOD_MATCH = YES;
				"CODE_SIGN_IDENTITY[sdk=iphoneos*]" = "iPhone Developer";
				COPY_PHASE_STRIP = NO;
				DEBUG_INFORMATION_FORMAT = dwarf;
				ENABLE_STRICT_OBJC_MSGSEND = YES;
				ENABLE_TESTABILITY = YES;
				GCC_C_LANGUAGE_STANDARD = gnu99;
				GCC_DYNAMIC_NO_PIC = NO;
				GCC_NO_COMMON_BLOCKS = YES;
				GCC_OPTIMIZATION_LEVEL = 0;
				GCC_PREPROCESSOR_DEFINITIONS = (
					"DEBUG=1",
					"$(inherited)",
				);
				GCC_WARN_64_TO_32_BIT_CONVERSION = YES;
				GCC_WARN_ABOUT_RETURN_TYPE = YES_ERROR;
				GCC_WARN_UNDECLARED_SELECTOR = YES;
				GCC_WARN_UNINITIALIZED_AUTOS = YES_AGGRESSIVE;
				GCC_WARN_UNUSED_FUNCTION = YES;
				GCC_WARN_UNUSED_VARIABLE = YES;
				IPHONEOS_DEPLOYMENT_TARGET = 9.2;
				MTL_ENABLE_DEBUG_INFO = YES;
				ONLY_ACTIVE_ARCH = YES;
				SDKROOT = iphoneos;
				SWIFT_OPTIMIZATION_LEVEL = "-Onone";
			};
			name = Debug;
		};
		8BF0F87E1C4BDF530047862C /* Release */ = {
			isa = XCBuildConfiguration;
			buildSettings = {
				ALWAYS_SEARCH_USER_PATHS = NO;
				CLANG_CXX_LANGUAGE_STANDARD = "gnu++0x";
				CLANG_CXX_LIBRARY = "libc++";
				CLANG_ENABLE_MODULES = YES;
				CLANG_ENABLE_OBJC_ARC = YES;
				CLANG_WARN_BOOL_CONVERSION = YES;
				CLANG_WARN_CONSTANT_CONVERSION = YES;
				CLANG_WARN_DIRECT_OBJC_ISA_USAGE = YES_ERROR;
				CLANG_WARN_EMPTY_BODY = YES;
				CLANG_WARN_ENUM_CONVERSION = YES;
				CLANG_WARN_INT_CONVERSION = YES;
				CLANG_WARN_OBJC_ROOT_CLASS = YES_ERROR;
				CLANG_WARN_UNREACHABLE_CODE = YES;
				CLANG_WARN__DUPLICATE_METHOD_MATCH = YES;
				"CODE_SIGN_IDENTITY[sdk=iphoneos*]" = "iPhone Developer";
				COPY_PHASE_STRIP = NO;
				DEBUG_INFORMATION_FORMAT = "dwarf-with-dsym";
				ENABLE_NS_ASSERTIONS = NO;
				ENABLE_STRICT_OBJC_MSGSEND = YES;
				GCC_C_LANGUAGE_STANDARD = gnu99;
				GCC_NO_COMMON_BLOCKS = YES;
				GCC_WARN_64_TO_32_BIT_CONVERSION = YES;
				GCC_WARN_ABOUT_RETURN_TYPE = YES_ERROR;
				GCC_WARN_UNDECLARED_SELECTOR = YES;
				GCC_WARN_UNINITIALIZED_AUTOS = YES_AGGRESSIVE;
				GCC_WARN_UNUSED_FUNCTION = YES;
				GCC_WARN_UNUSED_VARIABLE = YES;
				IPHONEOS_DEPLOYMENT_TARGET = 9.2;
				MTL_ENABLE_DEBUG_INFO = NO;
				SDKROOT = iphoneos;
				VALIDATE_PRODUCT = YES;
			};
			name = Release;
		};
		8BF0F8801C4BDF530047862C /* Debug */ = {
			isa = XCBuildConfiguration;
			buildSettings = {
				ASSETCATALOG_COMPILER_APPICON_NAME = AppIcon;
				INFOPLIST_FILE = demo/Info.plist;
				LD_RUNPATH_SEARCH_PATHS = "$(inherited) @executable_path/Frameworks";
				PRODUCT_BUNDLE_IDENTIFIER = com.Chatterjee.Snigdhaman.demo;
				PRODUCT_NAME = "$(TARGET_NAME)";
			};
			name = Debug;
		};
		8BF0F8811C4BDF530047862C /* Release */ = {
			isa = XCBuildConfiguration;
			buildSettings = {
				ASSETCATALOG_COMPILER_APPICON_NAME = AppIcon;
				INFOPLIST_FILE = demo/Info.plist;
				LD_RUNPATH_SEARCH_PATHS = "$(inherited) @executable_path/Frameworks";
				PRODUCT_BUNDLE_IDENTIFIER = com.Chatterjee.Snigdhaman.demo;
				PRODUCT_NAME = "$(TARGET_NAME)";
			};
			name = Release;
		};
/* End XCBuildConfiguration section */

/* Begin XCConfigurationList section */
		8BF0F8631C4BDF530047862C /* Build configuration list for PBXProject "demo" */ = {
			isa = XCConfigurationList;
			buildConfigurations = (
				8BF0F87D1C4BDF530047862C /* Debug */,
				8BF0F87E1C4BDF530047862C /* Release */,
			);
			defaultConfigurationIsVisible = 0;
			defaultConfigurationName = Release;
		};
		8BF0F87F1C4BDF530047862C /* Build configuration list for PBXNativeTarget "demo" */ = {
			isa = XCConfigurationList;
			buildConfigurations = (
				8BF0F8801C4BDF530047862C /* Debug */,
				8BF0F8811C4BDF530047862C /* Release */,
			);
			defaultConfigurationIsVisible = 0;
		};
/* End XCConfigurationList section */

/* Begin XCVersionGroup section */
		8BF0F86D1C4BDF530047862C /* demo.xcdatamodeld */ = {
			isa = XCVersionGroup;
			children = (
				8BF0F86E1C4BDF530047862C /* demo.xcdatamodel */,
			);
			currentVersion = 8BF0F86E1C4BDF530047862C /* demo.xcdatamodel */;
			path = demo.xcdatamodeld;
			sourceTree = "<group>";
			versionGroupType = wrapper.xcdatamodel;
		};
/* End XCVersionGroup section */
	};
	rootObject = 8BF0F8601C4BDF530047862C /* Project object */;
}
